// !$*UTF8*$!
{
	archiveVersion = 1;
	classes = {
	};
	objectVersion = 52;
	objects = {

/* Begin PBXBuildFile section */
		6008309B25FBDF9D00FF7872 /* CatalogViewController.swift in Sources */ = {isa = PBXBuildFile; fileRef = 6008309A25FBDF9D00FF7872 /* CatalogViewController.swift */; };
		600830A425FBE4D900FF7872 /* CatalogTableViewCell.swift in Sources */ = {isa = PBXBuildFile; fileRef = 600830A325FBE4D900FF7872 /* CatalogTableViewCell.swift */; };
		600A5188260B9D7C003EB690 /* GetCartResult.swift in Sources */ = {isa = PBXBuildFile; fileRef = 600A5187260B9D7C003EB690 /* GetCartResult.swift */; };
		600A5190260B9E4A003EB690 /* CartProduct.swift in Sources */ = {isa = PBXBuildFile; fileRef = 600A518F260B9E4A003EB690 /* CartProduct.swift */; };
		600A5195260B9EF9003EB690 /* GetCartRequestFactory.swift in Sources */ = {isa = PBXBuildFile; fileRef = 600A5194260B9EF9003EB690 /* GetCartRequestFactory.swift */; };
		600A519A260B9F03003EB690 /* GetCart.swift in Sources */ = {isa = PBXBuildFile; fileRef = 600A5199260B9F03003EB690 /* GetCart.swift */; };
		600A519F260B9FD3003EB690 /* GetCartTests.swift in Sources */ = {isa = PBXBuildFile; fileRef = 600A519E260B9FD3003EB690 /* GetCartTests.swift */; };
		600B95B2260A8560001373BA /* DeleteFromCartRequestFactory.swift in Sources */ = {isa = PBXBuildFile; fileRef = 600B95B1260A8560001373BA /* DeleteFromCartRequestFactory.swift */; };
		600B95C9260A871D001373BA /* CartViewController.swift in Sources */ = {isa = PBXBuildFile; fileRef = 600B95C8260A871D001373BA /* CartViewController.swift */; };
		601E7AC52601318D0002DC16 /* UserDataControllerType.swift in Sources */ = {isa = PBXBuildFile; fileRef = 601E7AC42601318D0002DC16 /* UserDataControllerType.swift */; };
		601E7ACA260133AE0002DC16 /* ProductViewController.swift in Sources */ = {isa = PBXBuildFile; fileRef = 601E7AC9260133AE0002DC16 /* ProductViewController.swift */; };
		601E7ACF2601433D0002DC16 /* ProductReviewTableViewCell.swift in Sources */ = {isa = PBXBuildFile; fileRef = 601E7ACE2601433D0002DC16 /* ProductReviewTableViewCell.swift */; };
		6052DACD25F5398D00715061 /* LoginViewController.swift in Sources */ = {isa = PBXBuildFile; fileRef = 6052DACC25F5398D00715061 /* LoginViewController.swift */; };
		6052DAD525F539DB00715061 /* UserDataViewController.swift in Sources */ = {isa = PBXBuildFile; fileRef = 6052DAD425F539DB00715061 /* UserDataViewController.swift */; };
		6052DADA25F539EE00715061 /* UserInfoViewController.swift in Sources */ = {isa = PBXBuildFile; fileRef = 6052DAD925F539EE00715061 /* UserInfoViewController.swift */; };
		6052DAE025F558C400715061 /* UITextFieldExtension.swift in Sources */ = {isa = PBXBuildFile; fileRef = 6052DADF25F558C400715061 /* UITextFieldExtension.swift */; };
		6052DAE525F5849100715061 /* UIViewControllerExtension.swift in Sources */ = {isa = PBXBuildFile; fileRef = 6052DAE425F5849100715061 /* UIViewControllerExtension.swift */; };
		605F45A925D2EF100044ED81 /* AppDelegate.swift in Sources */ = {isa = PBXBuildFile; fileRef = 605F45A825D2EF100044ED81 /* AppDelegate.swift */; };
		605F45AB25D2EF100044ED81 /* SceneDelegate.swift in Sources */ = {isa = PBXBuildFile; fileRef = 605F45AA25D2EF100044ED81 /* SceneDelegate.swift */; };
		605F45B225D2EF130044ED81 /* Assets.xcassets in Resources */ = {isa = PBXBuildFile; fileRef = 605F45B125D2EF130044ED81 /* Assets.xcassets */; };
		605F45B525D2EF130044ED81 /* LaunchScreen.storyboard in Resources */ = {isa = PBXBuildFile; fileRef = 605F45B325D2EF130044ED81 /* LaunchScreen.storyboard */; };
		607795AF260A62B500E1F0BB /* UserDataView.swift in Sources */ = {isa = PBXBuildFile; fileRef = 607795AE260A62B500E1F0BB /* UserDataView.swift */; };
		607795B4260A6D8E00E1F0BB /* UserInfoView.swift in Sources */ = {isa = PBXBuildFile; fileRef = 607795B3260A6D8E00E1F0BB /* UserInfoView.swift */; };
		607795B9260A74FA00E1F0BB /* CatalogTableView.swift in Sources */ = {isa = PBXBuildFile; fileRef = 607795B8260A74FA00E1F0BB /* CatalogTableView.swift */; };
		607795BE260A78D400E1F0BB /* ProductTableView.swift in Sources */ = {isa = PBXBuildFile; fileRef = 607795BD260A78D400E1F0BB /* ProductTableView.swift */; };
		607795C3260A7DD900E1F0BB /* CartTableView.swift in Sources */ = {isa = PBXBuildFile; fileRef = 607795C2260A7DD900E1F0BB /* CartTableView.swift */; };
		607795C8260A7E4A00E1F0BB /* CartTableViewCell.swift in Sources */ = {isa = PBXBuildFile; fileRef = 607795C7260A7E4A00E1F0BB /* CartTableViewCell.swift */; };
		60D7516025EEC6F700968C0A /* AddToCartResult.swift in Sources */ = {isa = PBXBuildFile; fileRef = 60D7515F25EEC6F700968C0A /* AddToCartResult.swift */; };
		60D7516525EEC71800968C0A /* DeleteFromCartResult.swift in Sources */ = {isa = PBXBuildFile; fileRef = 60D7516425EEC71800968C0A /* DeleteFromCartResult.swift */; };
		60D7516C25EEC79100968C0A /* AddTocartRequestFactory.swift in Sources */ = {isa = PBXBuildFile; fileRef = 60D7516B25EEC79100968C0A /* AddTocartRequestFactory.swift */; };
		60D7517625EEC81900968C0A /* AddToCart.swift in Sources */ = {isa = PBXBuildFile; fileRef = 60D7517525EEC81900968C0A /* AddToCart.swift */; };
		60D7517B25EEC82300968C0A /* DeleteFromCart.swift in Sources */ = {isa = PBXBuildFile; fileRef = 60D7517A25EEC82300968C0A /* DeleteFromCart.swift */; };
		60D7518025EEC94D00968C0A /* AddToCartTests.swift in Sources */ = {isa = PBXBuildFile; fileRef = 60D7517F25EEC94D00968C0A /* AddToCartTests.swift */; };
		60D7518525EECAA100968C0A /* DeleteFromCartTests.swift in Sources */ = {isa = PBXBuildFile; fileRef = 60D7518425EECAA100968C0A /* DeleteFromCartTests.swift */; };
		60D7518B25EECC8A00968C0A /* PayCart.swift in Sources */ = {isa = PBXBuildFile; fileRef = 60D7518A25EECC8A00968C0A /* PayCart.swift */; };
		60D7519325EECC9E00968C0A /* PayCartRequestFactory.swift in Sources */ = {isa = PBXBuildFile; fileRef = 60D7519225EECC9E00968C0A /* PayCartRequestFactory.swift */; };
		60D7519825EECCDD00968C0A /* PayCartResult.swift in Sources */ = {isa = PBXBuildFile; fileRef = 60D7519725EECCDD00968C0A /* PayCartResult.swift */; };
		60D7519D25EECE1400968C0A /* PayCartTests.swift in Sources */ = {isa = PBXBuildFile; fileRef = 60D7519C25EECE1400968C0A /* PayCartTests.swift */; };
		60E9C75525D9313500D2FB38 /* AbstractErrorParser.swift in Sources */ = {isa = PBXBuildFile; fileRef = 60E9C75425D9313500D2FB38 /* AbstractErrorParser.swift */; };
		60E9C75D25D9316A00D2FB38 /* ErrorParser.swift in Sources */ = {isa = PBXBuildFile; fileRef = 60E9C75C25D9316A00D2FB38 /* ErrorParser.swift */; };
		60E9C76225D9322D00D2FB38 /* ResponseCodable.swift in Sources */ = {isa = PBXBuildFile; fileRef = 60E9C76125D9322D00D2FB38 /* ResponseCodable.swift */; };
		60E9C76825D9334400D2FB38 /* Alamofire in Frameworks */ = {isa = PBXBuildFile; productRef = 60E9C76725D9334400D2FB38 /* Alamofire */; };
		60E9C76D25D9341900D2FB38 /* AbstractRequestFactory.swift in Sources */ = {isa = PBXBuildFile; fileRef = 60E9C76C25D9341900D2FB38 /* AbstractRequestFactory.swift */; };
		60E9C77225D9347100D2FB38 /* RequestRouter.swift in Sources */ = {isa = PBXBuildFile; fileRef = 60E9C77125D9347100D2FB38 /* RequestRouter.swift */; };
		60E9C77725D934A700D2FB38 /* LoginResult.swift in Sources */ = {isa = PBXBuildFile; fileRef = 60E9C77625D934A700D2FB38 /* LoginResult.swift */; };
		60E9C77C25D934C400D2FB38 /* User.swift in Sources */ = {isa = PBXBuildFile; fileRef = 60E9C77B25D934C400D2FB38 /* User.swift */; };
		60E9C78225D934EB00D2FB38 /* LoginRequestFactory.swift in Sources */ = {isa = PBXBuildFile; fileRef = 60E9C78125D934EB00D2FB38 /* LoginRequestFactory.swift */; };
		60E9C78725D9350100D2FB38 /* LogIn.swift in Sources */ = {isa = PBXBuildFile; fileRef = 60E9C78625D9350100D2FB38 /* LogIn.swift */; };
		60E9C78C25D9352900D2FB38 /* RequestFactory.swift in Sources */ = {isa = PBXBuildFile; fileRef = 60E9C78B25D9352900D2FB38 /* RequestFactory.swift */; };
		60E9C79125D93B6D00D2FB38 /* SignUp.swift in Sources */ = {isa = PBXBuildFile; fileRef = 60E9C79025D93B6D00D2FB38 /* SignUp.swift */; };
		60E9C79625D93B7F00D2FB38 /* LogOut.swift in Sources */ = {isa = PBXBuildFile; fileRef = 60E9C79525D93B7F00D2FB38 /* LogOut.swift */; };
		60E9C79B25D93B9A00D2FB38 /* ChangeUserData.swift in Sources */ = {isa = PBXBuildFile; fileRef = 60E9C79A25D93B9A00D2FB38 /* ChangeUserData.swift */; };
		60E9C7A025D93C1900D2FB38 /* LogOutResult.swift in Sources */ = {isa = PBXBuildFile; fileRef = 60E9C79F25D93C1900D2FB38 /* LogOutResult.swift */; };
		60E9C7A525D93C6600D2FB38 /* SignUpResult.swift in Sources */ = {isa = PBXBuildFile; fileRef = 60E9C7A425D93C6600D2FB38 /* SignUpResult.swift */; };
		60E9C7AD25D93D7300D2FB38 /* SignUpRequestFactory.swift in Sources */ = {isa = PBXBuildFile; fileRef = 60E9C7AC25D93D7300D2FB38 /* SignUpRequestFactory.swift */; };
		60E9C7B225D942B200D2FB38 /* LogOutRequestFactory.swift in Sources */ = {isa = PBXBuildFile; fileRef = 60E9C7B125D942B200D2FB38 /* LogOutRequestFactory.swift */; };
		60E9C7B725D943F600D2FB38 /* ChangeUserDataRequestFactory.swift in Sources */ = {isa = PBXBuildFile; fileRef = 60E9C7B625D943F600D2FB38 /* ChangeUserDataRequestFactory.swift */; };
		60E9C7BC25D9442400D2FB38 /* ChangeUserDataResult.swift in Sources */ = {isa = PBXBuildFile; fileRef = 60E9C7BB25D9442400D2FB38 /* ChangeUserDataResult.swift */; };
		60E9C7E225DC3E4900D2FB38 /* ResponseCodableTests.swift in Sources */ = {isa = PBXBuildFile; fileRef = 60E9C7E125DC3E4900D2FB38 /* ResponseCodableTests.swift */; };
		60E9C7EF25DC447E00D2FB38 /* LogInTests.swift in Sources */ = {isa = PBXBuildFile; fileRef = 60E9C7EE25DC447E00D2FB38 /* LogInTests.swift */; };
		60E9C7F425DC490E00D2FB38 /* FakeData.swift in Sources */ = {isa = PBXBuildFile; fileRef = 60E9C7F325DC490E00D2FB38 /* FakeData.swift */; };
		60E9C7FC25DC562800D2FB38 /* SignUpTests.swift in Sources */ = {isa = PBXBuildFile; fileRef = 60E9C7FB25DC562800D2FB38 /* SignUpTests.swift */; };
		60E9C80125DC588000D2FB38 /* ChangeUserDataTests.swift in Sources */ = {isa = PBXBuildFile; fileRef = 60E9C80025DC588000D2FB38 /* ChangeUserDataTests.swift */; };
		60E9C80625DC59C600D2FB38 /* LogOutTests.swift in Sources */ = {isa = PBXBuildFile; fileRef = 60E9C80525DC59C600D2FB38 /* LogOutTests.swift */; };
		60E9C80B25DC5D6400D2FB38 /* CatalogDataTests.swift in Sources */ = {isa = PBXBuildFile; fileRef = 60E9C80A25DC5D6400D2FB38 /* CatalogDataTests.swift */; };
		60E9C81025DC5DB800D2FB38 /* ProductTests.swift in Sources */ = {isa = PBXBuildFile; fileRef = 60E9C80F25DC5DB800D2FB38 /* ProductTests.swift */; };
		60E9C81525DC5EAE00D2FB38 /* CatalogResult.swift in Sources */ = {isa = PBXBuildFile; fileRef = 60E9C81425DC5EAE00D2FB38 /* CatalogResult.swift */; };
		60E9C81B25DC5F9000D2FB38 /* CatalogRequestFactory.swift in Sources */ = {isa = PBXBuildFile; fileRef = 60E9C81A25DC5F9000D2FB38 /* CatalogRequestFactory.swift */; };
		60E9C82925DC603000D2FB38 /* Catalog.swift in Sources */ = {isa = PBXBuildFile; fileRef = 60E9C82825DC603000D2FB38 /* Catalog.swift */; };
		60E9C82E25DC69B600D2FB38 /* ProductResult.swift in Sources */ = {isa = PBXBuildFile; fileRef = 60E9C82D25DC69B600D2FB38 /* ProductResult.swift */; };
		60E9C83425DC6A6700D2FB38 /* ProductRequestFactory.swift in Sources */ = {isa = PBXBuildFile; fileRef = 60E9C83325DC6A6700D2FB38 /* ProductRequestFactory.swift */; };
		60E9C83925DC6A6F00D2FB38 /* Product.swift in Sources */ = {isa = PBXBuildFile; fileRef = 60E9C83825DC6A6F00D2FB38 /* Product.swift */; };
		60ED867C260D00CB0016A78E /* AddProductReviewViewController.swift in Sources */ = {isa = PBXBuildFile; fileRef = 60ED867B260D00CB0016A78E /* AddProductReviewViewController.swift */; };
		60ED868C260D089B0016A78E /* FirebaseAnalytics in Frameworks */ = {isa = PBXBuildFile; productRef = 60ED868B260D089B0016A78E /* FirebaseAnalytics */; };
		60ED868E260D089B0016A78E /* FirebaseCrashlytics in Frameworks */ = {isa = PBXBuildFile; productRef = 60ED868D260D089B0016A78E /* FirebaseCrashlytics */; };
		60ED86A0260D09BE0016A78E /* GoogleService-Info.plist in Resources */ = {isa = PBXBuildFile; fileRef = 60ED869F260D09BE0016A78E /* GoogleService-Info.plist */; };
		60ED86A1260D09BE0016A78E /* GoogleService-Info.plist in Resources */ = {isa = PBXBuildFile; fileRef = 60ED869F260D09BE0016A78E /* GoogleService-Info.plist */; };
		60ED86A2260D09BE0016A78E /* GoogleService-Info.plist in Resources */ = {isa = PBXBuildFile; fileRef = 60ED869F260D09BE0016A78E /* GoogleService-Info.plist */; };
		60ED86A7260D11160016A78E /* AppAnalytics.swift in Sources */ = {isa = PBXBuildFile; fileRef = 60ED86A6260D11160016A78E /* AppAnalytics.swift */; };
		60ED86A8260D11160016A78E /* AppAnalytics.swift in Sources */ = {isa = PBXBuildFile; fileRef = 60ED86A6260D11160016A78E /* AppAnalytics.swift */; };
		60ED86A9260D11160016A78E /* AppAnalytics.swift in Sources */ = {isa = PBXBuildFile; fileRef = 60ED86A6260D11160016A78E /* AppAnalytics.swift */; };
		60F3B2BB26092190004ACD37 /* LoginView.swift in Sources */ = {isa = PBXBuildFile; fileRef = 60F3B2BA26092190004ACD37 /* LoginView.swift */; };
		60F3B2C026093035004ACD37 /* LoginTests.swift in Sources */ = {isa = PBXBuildFile; fileRef = 60F3B2BF26093035004ACD37 /* LoginTests.swift */; };
		60F7F9D925E8F6D100BC12A2 /* CatalogProduct.swift in Sources */ = {isa = PBXBuildFile; fileRef = 60F7F9D825E8F6D100BC12A2 /* CatalogProduct.swift */; };
		60F7F9E125E908B500BC12A2 /* ProductReviewsResult.swift in Sources */ = {isa = PBXBuildFile; fileRef = 60F7F9E025E908B500BC12A2 /* ProductReviewsResult.swift */; };
		60F7F9E625E908C700BC12A2 /* AddProductReviewResult.swift in Sources */ = {isa = PBXBuildFile; fileRef = 60F7F9E525E908C700BC12A2 /* AddProductReviewResult.swift */; };
		60F7F9EB25E908D900BC12A2 /* DeleteProductReviewResult.swift in Sources */ = {isa = PBXBuildFile; fileRef = 60F7F9EA25E908D900BC12A2 /* DeleteProductReviewResult.swift */; };
		60F7F9F025E908E800BC12A2 /* ApproveProductReviewResult.swift in Sources */ = {isa = PBXBuildFile; fileRef = 60F7F9EF25E908E800BC12A2 /* ApproveProductReviewResult.swift */; };
		60F7F9F525E9095500BC12A2 /* Review.swift in Sources */ = {isa = PBXBuildFile; fileRef = 60F7F9F425E9095500BC12A2 /* Review.swift */; };
		60F7F9FE25E90E0600BC12A2 /* ProductReviewsFactory.swift in Sources */ = {isa = PBXBuildFile; fileRef = 60F7F9FD25E90E0600BC12A2 /* ProductReviewsFactory.swift */; };
		60F7FA0C25E915C900BC12A2 /* ProductReviews.swift in Sources */ = {isa = PBXBuildFile; fileRef = 60F7FA0B25E915C900BC12A2 /* ProductReviews.swift */; };
		60F7FA1125E9186300BC12A2 /* ProductReviewsTests.swift in Sources */ = {isa = PBXBuildFile; fileRef = 60F7FA1025E9186300BC12A2 /* ProductReviewsTests.swift */; };
		60F7FA1625E91AF300BC12A2 /* AddProductReviewRequestFactory.swift in Sources */ = {isa = PBXBuildFile; fileRef = 60F7FA1525E91AF300BC12A2 /* AddProductReviewRequestFactory.swift */; };
		60F7FA1E25E91B1A00BC12A2 /* AddProductReview.swift in Sources */ = {isa = PBXBuildFile; fileRef = 60F7FA1D25E91B1A00BC12A2 /* AddProductReview.swift */; };
		60F7FA2325E91DDE00BC12A2 /* AddProductReviewTests.swift in Sources */ = {isa = PBXBuildFile; fileRef = 60F7FA2225E91DDE00BC12A2 /* AddProductReviewTests.swift */; };
		60F7FA2825E91F5100BC12A2 /* ApproveProductReviewRequestFactory.swift in Sources */ = {isa = PBXBuildFile; fileRef = 60F7FA2725E91F5100BC12A2 /* ApproveProductReviewRequestFactory.swift */; };
		60F7FA3025E91F5800BC12A2 /* ApproveProductReview.swift in Sources */ = {isa = PBXBuildFile; fileRef = 60F7FA2F25E91F5800BC12A2 /* ApproveProductReview.swift */; };
		60F7FA3525E9209F00BC12A2 /* ApproveProductReviewTests.swift in Sources */ = {isa = PBXBuildFile; fileRef = 60F7FA3425E9209F00BC12A2 /* ApproveProductReviewTests.swift */; };
		60F7FA3A25E9218600BC12A2 /* DeleteProductReviewRequestFactory.swift in Sources */ = {isa = PBXBuildFile; fileRef = 60F7FA3925E9218600BC12A2 /* DeleteProductReviewRequestFactory.swift */; };
		60F7FA3F25E9218C00BC12A2 /* DeleteProductReview.swift in Sources */ = {isa = PBXBuildFile; fileRef = 60F7FA3E25E9218C00BC12A2 /* DeleteProductReview.swift */; };
		60F7FA4425E9221C00BC12A2 /* DeleteProductReviewTests.swift in Sources */ = {isa = PBXBuildFile; fileRef = 60F7FA4325E9221C00BC12A2 /* DeleteProductReviewTests.swift */; };
/* End PBXBuildFile section */

/* Begin PBXContainerItemProxy section */
		605F45BC25D2EF130044ED81 /* PBXContainerItemProxy */ = {
			isa = PBXContainerItemProxy;
			containerPortal = 605F459D25D2EF100044ED81 /* Project object */;
			proxyType = 1;
			remoteGlobalIDString = 605F45A425D2EF100044ED81;
			remoteInfo = GBShop;
		};
		605F45C725D2EF130044ED81 /* PBXContainerItemProxy */ = {
			isa = PBXContainerItemProxy;
			containerPortal = 605F459D25D2EF100044ED81 /* Project object */;
			proxyType = 1;
			remoteGlobalIDString = 605F45A425D2EF100044ED81;
			remoteInfo = GBShop;
		};
/* End PBXContainerItemProxy section */

/* Begin PBXFileReference section */
		6008309A25FBDF9D00FF7872 /* CatalogViewController.swift */ = {isa = PBXFileReference; lastKnownFileType = sourcecode.swift; path = CatalogViewController.swift; sourceTree = "<group>"; };
		600830A325FBE4D900FF7872 /* CatalogTableViewCell.swift */ = {isa = PBXFileReference; lastKnownFileType = sourcecode.swift; path = CatalogTableViewCell.swift; sourceTree = "<group>"; };
		600A5187260B9D7C003EB690 /* GetCartResult.swift */ = {isa = PBXFileReference; lastKnownFileType = sourcecode.swift; path = GetCartResult.swift; sourceTree = "<group>"; };
		600A518F260B9E4A003EB690 /* CartProduct.swift */ = {isa = PBXFileReference; lastKnownFileType = sourcecode.swift; path = CartProduct.swift; sourceTree = "<group>"; };
		600A5194260B9EF9003EB690 /* GetCartRequestFactory.swift */ = {isa = PBXFileReference; lastKnownFileType = sourcecode.swift; path = GetCartRequestFactory.swift; sourceTree = "<group>"; };
		600A5199260B9F03003EB690 /* GetCart.swift */ = {isa = PBXFileReference; lastKnownFileType = sourcecode.swift; path = GetCart.swift; sourceTree = "<group>"; };
		600A519E260B9FD3003EB690 /* GetCartTests.swift */ = {isa = PBXFileReference; lastKnownFileType = sourcecode.swift; path = GetCartTests.swift; sourceTree = "<group>"; };
		600B95B1260A8560001373BA /* DeleteFromCartRequestFactory.swift */ = {isa = PBXFileReference; lastKnownFileType = sourcecode.swift; path = DeleteFromCartRequestFactory.swift; sourceTree = "<group>"; };
		600B95C8260A871D001373BA /* CartViewController.swift */ = {isa = PBXFileReference; lastKnownFileType = sourcecode.swift; path = CartViewController.swift; sourceTree = "<group>"; };
		601E7AC42601318D0002DC16 /* UserDataControllerType.swift */ = {isa = PBXFileReference; lastKnownFileType = sourcecode.swift; path = UserDataControllerType.swift; sourceTree = "<group>"; };
		601E7AC9260133AE0002DC16 /* ProductViewController.swift */ = {isa = PBXFileReference; lastKnownFileType = sourcecode.swift; path = ProductViewController.swift; sourceTree = "<group>"; };
		601E7ACE2601433D0002DC16 /* ProductReviewTableViewCell.swift */ = {isa = PBXFileReference; lastKnownFileType = sourcecode.swift; path = ProductReviewTableViewCell.swift; sourceTree = "<group>"; };
		6052DACC25F5398D00715061 /* LoginViewController.swift */ = {isa = PBXFileReference; lastKnownFileType = sourcecode.swift; path = LoginViewController.swift; sourceTree = "<group>"; };
		6052DAD425F539DB00715061 /* UserDataViewController.swift */ = {isa = PBXFileReference; lastKnownFileType = sourcecode.swift; path = UserDataViewController.swift; sourceTree = "<group>"; };
		6052DAD925F539EE00715061 /* UserInfoViewController.swift */ = {isa = PBXFileReference; lastKnownFileType = sourcecode.swift; path = UserInfoViewController.swift; sourceTree = "<group>"; };
		6052DADF25F558C400715061 /* UITextFieldExtension.swift */ = {isa = PBXFileReference; lastKnownFileType = sourcecode.swift; path = UITextFieldExtension.swift; sourceTree = "<group>"; };
		6052DAE425F5849100715061 /* UIViewControllerExtension.swift */ = {isa = PBXFileReference; lastKnownFileType = sourcecode.swift; path = UIViewControllerExtension.swift; sourceTree = "<group>"; };
		605F45A525D2EF100044ED81 /* GBShop.app */ = {isa = PBXFileReference; explicitFileType = wrapper.application; includeInIndex = 0; path = GBShop.app; sourceTree = BUILT_PRODUCTS_DIR; };
		605F45A825D2EF100044ED81 /* AppDelegate.swift */ = {isa = PBXFileReference; lastKnownFileType = sourcecode.swift; path = AppDelegate.swift; sourceTree = "<group>"; };
		605F45AA25D2EF100044ED81 /* SceneDelegate.swift */ = {isa = PBXFileReference; lastKnownFileType = sourcecode.swift; path = SceneDelegate.swift; sourceTree = "<group>"; };
		605F45B125D2EF130044ED81 /* Assets.xcassets */ = {isa = PBXFileReference; lastKnownFileType = folder.assetcatalog; path = Assets.xcassets; sourceTree = "<group>"; };
		605F45B425D2EF130044ED81 /* Base */ = {isa = PBXFileReference; lastKnownFileType = file.storyboard; name = Base; path = Base.lproj/LaunchScreen.storyboard; sourceTree = "<group>"; };
		605F45B625D2EF130044ED81 /* Info.plist */ = {isa = PBXFileReference; lastKnownFileType = text.plist.xml; path = Info.plist; sourceTree = "<group>"; };
		605F45BB25D2EF130044ED81 /* GBShopTests.xctest */ = {isa = PBXFileReference; explicitFileType = wrapper.cfbundle; includeInIndex = 0; path = GBShopTests.xctest; sourceTree = BUILT_PRODUCTS_DIR; };
		605F45C125D2EF130044ED81 /* Info.plist */ = {isa = PBXFileReference; lastKnownFileType = text.plist.xml; path = Info.plist; sourceTree = "<group>"; };
		605F45C625D2EF130044ED81 /* GBShopUITests.xctest */ = {isa = PBXFileReference; explicitFileType = wrapper.cfbundle; includeInIndex = 0; path = GBShopUITests.xctest; sourceTree = BUILT_PRODUCTS_DIR; };
		605F45CC25D2EF130044ED81 /* Info.plist */ = {isa = PBXFileReference; lastKnownFileType = text.plist.xml; path = Info.plist; sourceTree = "<group>"; };
		607795AE260A62B500E1F0BB /* UserDataView.swift */ = {isa = PBXFileReference; lastKnownFileType = sourcecode.swift; path = UserDataView.swift; sourceTree = "<group>"; };
		607795B3260A6D8E00E1F0BB /* UserInfoView.swift */ = {isa = PBXFileReference; lastKnownFileType = sourcecode.swift; path = UserInfoView.swift; sourceTree = "<group>"; };
		607795B8260A74FA00E1F0BB /* CatalogTableView.swift */ = {isa = PBXFileReference; lastKnownFileType = sourcecode.swift; path = CatalogTableView.swift; sourceTree = "<group>"; };
		607795BD260A78D400E1F0BB /* ProductTableView.swift */ = {isa = PBXFileReference; lastKnownFileType = sourcecode.swift; path = ProductTableView.swift; sourceTree = "<group>"; };
		607795C2260A7DD900E1F0BB /* CartTableView.swift */ = {isa = PBXFileReference; lastKnownFileType = sourcecode.swift; path = CartTableView.swift; sourceTree = "<group>"; };
		607795C7260A7E4A00E1F0BB /* CartTableViewCell.swift */ = {isa = PBXFileReference; lastKnownFileType = sourcecode.swift; path = CartTableViewCell.swift; sourceTree = "<group>"; };
		60D7515F25EEC6F700968C0A /* AddToCartResult.swift */ = {isa = PBXFileReference; lastKnownFileType = sourcecode.swift; path = AddToCartResult.swift; sourceTree = "<group>"; };
		60D7516425EEC71800968C0A /* DeleteFromCartResult.swift */ = {isa = PBXFileReference; lastKnownFileType = sourcecode.swift; path = DeleteFromCartResult.swift; sourceTree = "<group>"; };
		60D7516B25EEC79100968C0A /* AddTocartRequestFactory.swift */ = {isa = PBXFileReference; lastKnownFileType = sourcecode.swift; path = AddTocartRequestFactory.swift; sourceTree = "<group>"; };
		60D7517525EEC81900968C0A /* AddToCart.swift */ = {isa = PBXFileReference; lastKnownFileType = sourcecode.swift; path = AddToCart.swift; sourceTree = "<group>"; };
		60D7517A25EEC82300968C0A /* DeleteFromCart.swift */ = {isa = PBXFileReference; lastKnownFileType = sourcecode.swift; path = DeleteFromCart.swift; sourceTree = "<group>"; };
		60D7517F25EEC94D00968C0A /* AddToCartTests.swift */ = {isa = PBXFileReference; lastKnownFileType = sourcecode.swift; path = AddToCartTests.swift; sourceTree = "<group>"; };
		60D7518425EECAA100968C0A /* DeleteFromCartTests.swift */ = {isa = PBXFileReference; lastKnownFileType = sourcecode.swift; path = DeleteFromCartTests.swift; sourceTree = "<group>"; };
		60D7518A25EECC8A00968C0A /* PayCart.swift */ = {isa = PBXFileReference; lastKnownFileType = sourcecode.swift; path = PayCart.swift; sourceTree = "<group>"; };
		60D7519225EECC9E00968C0A /* PayCartRequestFactory.swift */ = {isa = PBXFileReference; lastKnownFileType = sourcecode.swift; path = PayCartRequestFactory.swift; sourceTree = "<group>"; };
		60D7519725EECCDD00968C0A /* PayCartResult.swift */ = {isa = PBXFileReference; lastKnownFileType = sourcecode.swift; path = PayCartResult.swift; sourceTree = "<group>"; };
		60D7519C25EECE1400968C0A /* PayCartTests.swift */ = {isa = PBXFileReference; lastKnownFileType = sourcecode.swift; path = PayCartTests.swift; sourceTree = "<group>"; };
		60E9C75425D9313500D2FB38 /* AbstractErrorParser.swift */ = {isa = PBXFileReference; lastKnownFileType = sourcecode.swift; path = AbstractErrorParser.swift; sourceTree = "<group>"; };
		60E9C75C25D9316A00D2FB38 /* ErrorParser.swift */ = {isa = PBXFileReference; lastKnownFileType = sourcecode.swift; path = ErrorParser.swift; sourceTree = "<group>"; };
		60E9C76125D9322D00D2FB38 /* ResponseCodable.swift */ = {isa = PBXFileReference; lastKnownFileType = sourcecode.swift; path = ResponseCodable.swift; sourceTree = "<group>"; };
		60E9C76C25D9341900D2FB38 /* AbstractRequestFactory.swift */ = {isa = PBXFileReference; lastKnownFileType = sourcecode.swift; path = AbstractRequestFactory.swift; sourceTree = "<group>"; };
		60E9C77125D9347100D2FB38 /* RequestRouter.swift */ = {isa = PBXFileReference; lastKnownFileType = sourcecode.swift; path = RequestRouter.swift; sourceTree = "<group>"; };
		60E9C77625D934A700D2FB38 /* LoginResult.swift */ = {isa = PBXFileReference; lastKnownFileType = sourcecode.swift; path = LoginResult.swift; sourceTree = "<group>"; };
		60E9C77B25D934C400D2FB38 /* User.swift */ = {isa = PBXFileReference; lastKnownFileType = sourcecode.swift; path = User.swift; sourceTree = "<group>"; };
		60E9C78125D934EB00D2FB38 /* LoginRequestFactory.swift */ = {isa = PBXFileReference; lastKnownFileType = sourcecode.swift; path = LoginRequestFactory.swift; sourceTree = "<group>"; };
		60E9C78625D9350100D2FB38 /* LogIn.swift */ = {isa = PBXFileReference; lastKnownFileType = sourcecode.swift; path = LogIn.swift; sourceTree = "<group>"; };
		60E9C78B25D9352900D2FB38 /* RequestFactory.swift */ = {isa = PBXFileReference; lastKnownFileType = sourcecode.swift; path = RequestFactory.swift; sourceTree = "<group>"; };
		60E9C79025D93B6D00D2FB38 /* SignUp.swift */ = {isa = PBXFileReference; lastKnownFileType = sourcecode.swift; path = SignUp.swift; sourceTree = "<group>"; };
		60E9C79525D93B7F00D2FB38 /* LogOut.swift */ = {isa = PBXFileReference; lastKnownFileType = sourcecode.swift; path = LogOut.swift; sourceTree = "<group>"; };
		60E9C79A25D93B9A00D2FB38 /* ChangeUserData.swift */ = {isa = PBXFileReference; lastKnownFileType = sourcecode.swift; path = ChangeUserData.swift; sourceTree = "<group>"; };
		60E9C79F25D93C1900D2FB38 /* LogOutResult.swift */ = {isa = PBXFileReference; lastKnownFileType = sourcecode.swift; path = LogOutResult.swift; sourceTree = "<group>"; };
		60E9C7A425D93C6600D2FB38 /* SignUpResult.swift */ = {isa = PBXFileReference; lastKnownFileType = sourcecode.swift; path = SignUpResult.swift; sourceTree = "<group>"; };
		60E9C7AC25D93D7300D2FB38 /* SignUpRequestFactory.swift */ = {isa = PBXFileReference; lastKnownFileType = sourcecode.swift; path = SignUpRequestFactory.swift; sourceTree = "<group>"; };
		60E9C7B125D942B200D2FB38 /* LogOutRequestFactory.swift */ = {isa = PBXFileReference; lastKnownFileType = sourcecode.swift; path = LogOutRequestFactory.swift; sourceTree = "<group>"; };
		60E9C7B625D943F600D2FB38 /* ChangeUserDataRequestFactory.swift */ = {isa = PBXFileReference; lastKnownFileType = sourcecode.swift; path = ChangeUserDataRequestFactory.swift; sourceTree = "<group>"; };
		60E9C7BB25D9442400D2FB38 /* ChangeUserDataResult.swift */ = {isa = PBXFileReference; lastKnownFileType = sourcecode.swift; path = ChangeUserDataResult.swift; sourceTree = "<group>"; };
		60E9C7E125DC3E4900D2FB38 /* ResponseCodableTests.swift */ = {isa = PBXFileReference; lastKnownFileType = sourcecode.swift; path = ResponseCodableTests.swift; sourceTree = "<group>"; };
		60E9C7EE25DC447E00D2FB38 /* LogInTests.swift */ = {isa = PBXFileReference; lastKnownFileType = sourcecode.swift; path = LogInTests.swift; sourceTree = "<group>"; };
		60E9C7F325DC490E00D2FB38 /* FakeData.swift */ = {isa = PBXFileReference; lastKnownFileType = sourcecode.swift; path = FakeData.swift; sourceTree = "<group>"; };
		60E9C7FB25DC562800D2FB38 /* SignUpTests.swift */ = {isa = PBXFileReference; lastKnownFileType = sourcecode.swift; path = SignUpTests.swift; sourceTree = "<group>"; };
		60E9C80025DC588000D2FB38 /* ChangeUserDataTests.swift */ = {isa = PBXFileReference; lastKnownFileType = sourcecode.swift; path = ChangeUserDataTests.swift; sourceTree = "<group>"; };
		60E9C80525DC59C600D2FB38 /* LogOutTests.swift */ = {isa = PBXFileReference; lastKnownFileType = sourcecode.swift; path = LogOutTests.swift; sourceTree = "<group>"; };
		60E9C80A25DC5D6400D2FB38 /* CatalogDataTests.swift */ = {isa = PBXFileReference; lastKnownFileType = sourcecode.swift; path = CatalogDataTests.swift; sourceTree = "<group>"; };
		60E9C80F25DC5DB800D2FB38 /* ProductTests.swift */ = {isa = PBXFileReference; lastKnownFileType = sourcecode.swift; path = ProductTests.swift; sourceTree = "<group>"; };
		60E9C81425DC5EAE00D2FB38 /* CatalogResult.swift */ = {isa = PBXFileReference; lastKnownFileType = sourcecode.swift; path = CatalogResult.swift; sourceTree = "<group>"; };
		60E9C81A25DC5F9000D2FB38 /* CatalogRequestFactory.swift */ = {isa = PBXFileReference; lastKnownFileType = sourcecode.swift; path = CatalogRequestFactory.swift; sourceTree = "<group>"; };
		60E9C82825DC603000D2FB38 /* Catalog.swift */ = {isa = PBXFileReference; lastKnownFileType = sourcecode.swift; path = Catalog.swift; sourceTree = "<group>"; };
		60E9C82D25DC69B600D2FB38 /* ProductResult.swift */ = {isa = PBXFileReference; lastKnownFileType = sourcecode.swift; path = ProductResult.swift; sourceTree = "<group>"; };
		60E9C83325DC6A6700D2FB38 /* ProductRequestFactory.swift */ = {isa = PBXFileReference; lastKnownFileType = sourcecode.swift; path = ProductRequestFactory.swift; sourceTree = "<group>"; };
		60E9C83825DC6A6F00D2FB38 /* Product.swift */ = {isa = PBXFileReference; lastKnownFileType = sourcecode.swift; path = Product.swift; sourceTree = "<group>"; };
		60ED867B260D00CB0016A78E /* AddProductReviewViewController.swift */ = {isa = PBXFileReference; lastKnownFileType = sourcecode.swift; path = AddProductReviewViewController.swift; sourceTree = "<group>"; };
		60ED869F260D09BE0016A78E /* GoogleService-Info.plist */ = {isa = PBXFileReference; fileEncoding = 4; lastKnownFileType = text.plist.xml; name = "GoogleService-Info.plist"; path = "../../../Downloads/GoogleService-Info.plist"; sourceTree = "<group>"; };
		60ED86A6260D11160016A78E /* AppAnalytics.swift */ = {isa = PBXFileReference; lastKnownFileType = sourcecode.swift; path = AppAnalytics.swift; sourceTree = "<group>"; };
		60F3B2BA26092190004ACD37 /* LoginView.swift */ = {isa = PBXFileReference; lastKnownFileType = sourcecode.swift; path = LoginView.swift; sourceTree = "<group>"; };
		60F3B2BF26093035004ACD37 /* LoginTests.swift */ = {isa = PBXFileReference; lastKnownFileType = sourcecode.swift; path = LoginTests.swift; sourceTree = "<group>"; };
		60F7F9D825E8F6D100BC12A2 /* CatalogProduct.swift */ = {isa = PBXFileReference; lastKnownFileType = sourcecode.swift; path = CatalogProduct.swift; sourceTree = "<group>"; };
		60F7F9E025E908B500BC12A2 /* ProductReviewsResult.swift */ = {isa = PBXFileReference; lastKnownFileType = sourcecode.swift; path = ProductReviewsResult.swift; sourceTree = "<group>"; };
		60F7F9E525E908C700BC12A2 /* AddProductReviewResult.swift */ = {isa = PBXFileReference; lastKnownFileType = sourcecode.swift; path = AddProductReviewResult.swift; sourceTree = "<group>"; };
		60F7F9EA25E908D900BC12A2 /* DeleteProductReviewResult.swift */ = {isa = PBXFileReference; lastKnownFileType = sourcecode.swift; path = DeleteProductReviewResult.swift; sourceTree = "<group>"; };
		60F7F9EF25E908E800BC12A2 /* ApproveProductReviewResult.swift */ = {isa = PBXFileReference; lastKnownFileType = sourcecode.swift; path = ApproveProductReviewResult.swift; sourceTree = "<group>"; };
		60F7F9F425E9095500BC12A2 /* Review.swift */ = {isa = PBXFileReference; lastKnownFileType = sourcecode.swift; path = Review.swift; sourceTree = "<group>"; };
		60F7F9FD25E90E0600BC12A2 /* ProductReviewsFactory.swift */ = {isa = PBXFileReference; lastKnownFileType = sourcecode.swift; path = ProductReviewsFactory.swift; sourceTree = "<group>"; };
		60F7FA0B25E915C900BC12A2 /* ProductReviews.swift */ = {isa = PBXFileReference; lastKnownFileType = sourcecode.swift; path = ProductReviews.swift; sourceTree = "<group>"; };
		60F7FA1025E9186300BC12A2 /* ProductReviewsTests.swift */ = {isa = PBXFileReference; lastKnownFileType = sourcecode.swift; path = ProductReviewsTests.swift; sourceTree = "<group>"; };
		60F7FA1525E91AF300BC12A2 /* AddProductReviewRequestFactory.swift */ = {isa = PBXFileReference; lastKnownFileType = sourcecode.swift; path = AddProductReviewRequestFactory.swift; sourceTree = "<group>"; };
		60F7FA1D25E91B1A00BC12A2 /* AddProductReview.swift */ = {isa = PBXFileReference; lastKnownFileType = sourcecode.swift; path = AddProductReview.swift; sourceTree = "<group>"; };
		60F7FA2225E91DDE00BC12A2 /* AddProductReviewTests.swift */ = {isa = PBXFileReference; lastKnownFileType = sourcecode.swift; path = AddProductReviewTests.swift; sourceTree = "<group>"; };
		60F7FA2725E91F5100BC12A2 /* ApproveProductReviewRequestFactory.swift */ = {isa = PBXFileReference; lastKnownFileType = sourcecode.swift; path = ApproveProductReviewRequestFactory.swift; sourceTree = "<group>"; };
		60F7FA2F25E91F5800BC12A2 /* ApproveProductReview.swift */ = {isa = PBXFileReference; lastKnownFileType = sourcecode.swift; path = ApproveProductReview.swift; sourceTree = "<group>"; };
		60F7FA3425E9209F00BC12A2 /* ApproveProductReviewTests.swift */ = {isa = PBXFileReference; lastKnownFileType = sourcecode.swift; path = ApproveProductReviewTests.swift; sourceTree = "<group>"; };
		60F7FA3925E9218600BC12A2 /* DeleteProductReviewRequestFactory.swift */ = {isa = PBXFileReference; lastKnownFileType = sourcecode.swift; path = DeleteProductReviewRequestFactory.swift; sourceTree = "<group>"; };
		60F7FA3E25E9218C00BC12A2 /* DeleteProductReview.swift */ = {isa = PBXFileReference; lastKnownFileType = sourcecode.swift; path = DeleteProductReview.swift; sourceTree = "<group>"; };
		60F7FA4325E9221C00BC12A2 /* DeleteProductReviewTests.swift */ = {isa = PBXFileReference; lastKnownFileType = sourcecode.swift; path = DeleteProductReviewTests.swift; sourceTree = "<group>"; };
/* End PBXFileReference section */

/* Begin PBXFrameworksBuildPhase section */
		605F45A225D2EF100044ED81 /* Frameworks */ = {
			isa = PBXFrameworksBuildPhase;
			buildActionMask = 2147483647;
			files = (
				60ED868E260D089B0016A78E /* FirebaseCrashlytics in Frameworks */,
				60ED868C260D089B0016A78E /* FirebaseAnalytics in Frameworks */,
				60E9C76825D9334400D2FB38 /* Alamofire in Frameworks */,
			);
			runOnlyForDeploymentPostprocessing = 0;
		};
		605F45B825D2EF130044ED81 /* Frameworks */ = {
			isa = PBXFrameworksBuildPhase;
			buildActionMask = 2147483647;
			files = (
			);
			runOnlyForDeploymentPostprocessing = 0;
		};
		605F45C325D2EF130044ED81 /* Frameworks */ = {
			isa = PBXFrameworksBuildPhase;
			buildActionMask = 2147483647;
			files = (
			);
			runOnlyForDeploymentPostprocessing = 0;
		};
/* End PBXFrameworksBuildPhase section */

/* Begin PBXGroup section */
		6008309F25FBE29A00FF7872 /* View */ = {
			isa = PBXGroup;
			children = (
				60F3B2B926092161004ACD37 /* Cell */,
				60F3B2BA26092190004ACD37 /* LoginView.swift */,
				607795AE260A62B500E1F0BB /* UserDataView.swift */,
				607795B3260A6D8E00E1F0BB /* UserInfoView.swift */,
				607795B8260A74FA00E1F0BB /* CatalogTableView.swift */,
				607795BD260A78D400E1F0BB /* ProductTableView.swift */,
				607795C2260A7DD900E1F0BB /* CartTableView.swift */,
			);
			path = View;
			sourceTree = "<group>";
		};
		600A5186260B9D4F003EB690 /* GetCart */ = {
			isa = PBXGroup;
			children = (
				600A5194260B9EF9003EB690 /* GetCartRequestFactory.swift */,
				600A5199260B9F03003EB690 /* GetCart.swift */,
			);
			path = GetCart;
			sourceTree = "<group>";
		};
		6052DACB25F5397100715061 /* Controller */ = {
			isa = PBXGroup;
			children = (
				6052DACC25F5398D00715061 /* LoginViewController.swift */,
				6052DAD425F539DB00715061 /* UserDataViewController.swift */,
				6052DAD925F539EE00715061 /* UserInfoViewController.swift */,
				6008309A25FBDF9D00FF7872 /* CatalogViewController.swift */,
				601E7AC9260133AE0002DC16 /* ProductViewController.swift */,
				600B95C8260A871D001373BA /* CartViewController.swift */,
				60ED867B260D00CB0016A78E /* AddProductReviewViewController.swift */,
			);
			path = Controller;
			sourceTree = "<group>";
		};
		6052DADE25F558A300715061 /* Extension */ = {
			isa = PBXGroup;
			children = (
				6052DADF25F558C400715061 /* UITextFieldExtension.swift */,
				6052DAE425F5849100715061 /* UIViewControllerExtension.swift */,
			);
			path = Extension;
			sourceTree = "<group>";
		};
		605F459C25D2EF100044ED81 = {
			isa = PBXGroup;
			children = (
				60ED869F260D09BE0016A78E /* GoogleService-Info.plist */,
				605F45A725D2EF100044ED81 /* GBShop */,
				605F45BE25D2EF130044ED81 /* GBShopTests */,
				605F45C925D2EF130044ED81 /* GBShopUITests */,
				605F45A625D2EF100044ED81 /* Products */,
			);
			sourceTree = "<group>";
		};
		605F45A625D2EF100044ED81 /* Products */ = {
			isa = PBXGroup;
			children = (
				605F45A525D2EF100044ED81 /* GBShop.app */,
				605F45BB25D2EF130044ED81 /* GBShopTests.xctest */,
				605F45C625D2EF130044ED81 /* GBShopUITests.xctest */,
			);
			name = Products;
			sourceTree = "<group>";
		};
		605F45A725D2EF100044ED81 /* GBShop */ = {
			isa = PBXGroup;
			children = (
				605F45DB25D2F1320044ED81 /* App */,
				605F45E025D2F1930044ED81 /* Utils */,
				605F45E125D2F1BE0044ED81 /* Resources */,
				605F45E225D2F1D20044ED81 /* Environments */,
			);
			path = GBShop;
			sourceTree = "<group>";
		};
		605F45BE25D2EF130044ED81 /* GBShopTests */ = {
			isa = PBXGroup;
			children = (
				60E9C7F325DC490E00D2FB38 /* FakeData.swift */,
				60E9C7E125DC3E4900D2FB38 /* ResponseCodableTests.swift */,
				60E9C7EE25DC447E00D2FB38 /* LogInTests.swift */,
				60E9C7FB25DC562800D2FB38 /* SignUpTests.swift */,
				60E9C80025DC588000D2FB38 /* ChangeUserDataTests.swift */,
				60E9C80525DC59C600D2FB38 /* LogOutTests.swift */,
				60E9C80A25DC5D6400D2FB38 /* CatalogDataTests.swift */,
				60E9C80F25DC5DB800D2FB38 /* ProductTests.swift */,
				60F7FA1025E9186300BC12A2 /* ProductReviewsTests.swift */,
				60F7FA2225E91DDE00BC12A2 /* AddProductReviewTests.swift */,
				60F7FA3425E9209F00BC12A2 /* ApproveProductReviewTests.swift */,
				60F7FA4325E9221C00BC12A2 /* DeleteProductReviewTests.swift */,
				60D7517F25EEC94D00968C0A /* AddToCartTests.swift */,
				60D7518425EECAA100968C0A /* DeleteFromCartTests.swift */,
				60D7519C25EECE1400968C0A /* PayCartTests.swift */,
				600A519E260B9FD3003EB690 /* GetCartTests.swift */,
				605F45C125D2EF130044ED81 /* Info.plist */,
			);
			path = GBShopTests;
			sourceTree = "<group>";
		};
		605F45C925D2EF130044ED81 /* GBShopUITests */ = {
			isa = PBXGroup;
			children = (
				605F45CC25D2EF130044ED81 /* Info.plist */,
				60F3B2BF26093035004ACD37 /* LoginTests.swift */,
			);
			path = GBShopUITests;
			sourceTree = "<group>";
		};
		605F45DB25D2F1320044ED81 /* App */ = {
			isa = PBXGroup;
			children = (
				605F45A825D2EF100044ED81 /* AppDelegate.swift */,
				605F45AA25D2EF100044ED81 /* SceneDelegate.swift */,
				605F45DC25D2F1420044ED81 /* BusinessLogic */,
				605F45DD25D2F1510044ED81 /* Entity */,
				605F45DE25D2F15A0044ED81 /* Assembly */,
				605F45DF25D2F17E0044ED81 /* Flows */,
			);
			path = App;
			sourceTree = "<group>";
		};
		605F45DC25D2F1420044ED81 /* BusinessLogic */ = {
			isa = PBXGroup;
			children = (
				60E9C78025D934DA00D2FB38 /* Network */,
			);
			path = BusinessLogic;
			sourceTree = "<group>";
		};
		605F45DD25D2F1510044ED81 /* Entity */ = {
			isa = PBXGroup;
			children = (
				60E9C77B25D934C400D2FB38 /* User.swift */,
				60F7F9D825E8F6D100BC12A2 /* CatalogProduct.swift */,
				60F7F9F425E9095500BC12A2 /* Review.swift */,
				600A518F260B9E4A003EB690 /* CartProduct.swift */,
				60E9C77625D934A700D2FB38 /* LoginResult.swift */,
				60E9C7A425D93C6600D2FB38 /* SignUpResult.swift */,
				60E9C79F25D93C1900D2FB38 /* LogOutResult.swift */,
				60E9C7BB25D9442400D2FB38 /* ChangeUserDataResult.swift */,
				60E9C81425DC5EAE00D2FB38 /* CatalogResult.swift */,
				60E9C82D25DC69B600D2FB38 /* ProductResult.swift */,
				60F7F9E025E908B500BC12A2 /* ProductReviewsResult.swift */,
				60F7F9E525E908C700BC12A2 /* AddProductReviewResult.swift */,
				60F7F9EF25E908E800BC12A2 /* ApproveProductReviewResult.swift */,
				60F7F9EA25E908D900BC12A2 /* DeleteProductReviewResult.swift */,
				60D7515F25EEC6F700968C0A /* AddToCartResult.swift */,
				60D7516425EEC71800968C0A /* DeleteFromCartResult.swift */,
				60D7519725EECCDD00968C0A /* PayCartResult.swift */,
				600A5187260B9D7C003EB690 /* GetCartResult.swift */,
			);
			path = Entity;
			sourceTree = "<group>";
		};
		605F45DE25D2F15A0044ED81 /* Assembly */ = {
			isa = PBXGroup;
			children = (
			);
			path = Assembly;
			sourceTree = "<group>";
		};
		605F45DF25D2F17E0044ED81 /* Flows */ = {
			isa = PBXGroup;
			children = (
				6008309F25FBE29A00FF7872 /* View */,
				6052DACB25F5397100715061 /* Controller */,
				6052DADE25F558A300715061 /* Extension */,
				601E7AC42601318D0002DC16 /* UserDataControllerType.swift */,
				60ED86A6260D11160016A78E /* AppAnalytics.swift */,
			);
			path = Flows;
			sourceTree = "<group>";
		};
		605F45E025D2F1930044ED81 /* Utils */ = {
			isa = PBXGroup;
			children = (
				60E9C75325D930C400D2FB38 /* Network */,
			);
			path = Utils;
			sourceTree = "<group>";
		};
		605F45E125D2F1BE0044ED81 /* Resources */ = {
			isa = PBXGroup;
			children = (
				605F45B125D2EF130044ED81 /* Assets.xcassets */,
				605F45B325D2EF130044ED81 /* LaunchScreen.storyboard */,
			);
			path = Resources;
			sourceTree = "<group>";
		};
		605F45E225D2F1D20044ED81 /* Environments */ = {
			isa = PBXGroup;
			children = (
				605F45B625D2EF130044ED81 /* Info.plist */,
			);
			path = Environments;
			sourceTree = "<group>";
		};
		60D7516925EEC75A00968C0A /* AddToCart */ = {
			isa = PBXGroup;
			children = (
				60D7516B25EEC79100968C0A /* AddTocartRequestFactory.swift */,
				60D7517525EEC81900968C0A /* AddToCart.swift */,
			);
			path = AddToCart;
			sourceTree = "<group>";
		};
		60D7516A25EEC76300968C0A /* DeleteFromCart */ = {
			isa = PBXGroup;
			children = (
				600B95B1260A8560001373BA /* DeleteFromCartRequestFactory.swift */,
				60D7517A25EEC82300968C0A /* DeleteFromCart.swift */,
			);
			path = DeleteFromCart;
			sourceTree = "<group>";
		};
		60D7518925EECC7500968C0A /* PayCart */ = {
			isa = PBXGroup;
			children = (
				60D7519225EECC9E00968C0A /* PayCartRequestFactory.swift */,
				60D7518A25EECC8A00968C0A /* PayCart.swift */,
			);
			path = PayCart;
			sourceTree = "<group>";
		};
		60E9C75325D930C400D2FB38 /* Network */ = {
			isa = PBXGroup;
			children = (
				60E9C75425D9313500D2FB38 /* AbstractErrorParser.swift */,
				60E9C75C25D9316A00D2FB38 /* ErrorParser.swift */,
				60E9C76125D9322D00D2FB38 /* ResponseCodable.swift */,
				60E9C76C25D9341900D2FB38 /* AbstractRequestFactory.swift */,
				60E9C77125D9347100D2FB38 /* RequestRouter.swift */,
			);
			path = Network;
			sourceTree = "<group>";
		};
		60E9C78025D934DA00D2FB38 /* Network */ = {
			isa = PBXGroup;
			children = (
				60E9C78B25D9352900D2FB38 /* RequestFactory.swift */,
				60E9C7D125DC36A300D2FB38 /* LogIn */,
				60E9C7D425DC36F200D2FB38 /* SignUp */,
				60E9C7D325DC36DB00D2FB38 /* ChangeUserData */,
				60E9C7D225DC36AC00D2FB38 /* LogOut */,
				60E9C81925DC5F7400D2FB38 /* Catalog */,
				60E9C83225DC6A4F00D2FB38 /* Product */,
				60F7F9F925E90D8300BC12A2 /* ProductReviews */,
				60F7F9FA25E90DA300BC12A2 /* AddProductReview */,
				60F7F9FB25E90DB000BC12A2 /* ApproveProductReview */,
				60F7F9FC25E90DBB00BC12A2 /* DeleteProductReview */,
				60D7516925EEC75A00968C0A /* AddToCart */,
				60D7516A25EEC76300968C0A /* DeleteFromCart */,
				60D7518925EECC7500968C0A /* PayCart */,
				600A5186260B9D4F003EB690 /* GetCart */,
			);
			path = Network;
			sourceTree = "<group>";
		};
		60E9C7D125DC36A300D2FB38 /* LogIn */ = {
			isa = PBXGroup;
			children = (
				60E9C78125D934EB00D2FB38 /* LoginRequestFactory.swift */,
				60E9C78625D9350100D2FB38 /* LogIn.swift */,
			);
			path = LogIn;
			sourceTree = "<group>";
		};
		60E9C7D225DC36AC00D2FB38 /* LogOut */ = {
			isa = PBXGroup;
			children = (
				60E9C7B125D942B200D2FB38 /* LogOutRequestFactory.swift */,
				60E9C79525D93B7F00D2FB38 /* LogOut.swift */,
			);
			path = LogOut;
			sourceTree = "<group>";
		};
		60E9C7D325DC36DB00D2FB38 /* ChangeUserData */ = {
			isa = PBXGroup;
			children = (
				60E9C7B625D943F600D2FB38 /* ChangeUserDataRequestFactory.swift */,
				60E9C79A25D93B9A00D2FB38 /* ChangeUserData.swift */,
			);
			path = ChangeUserData;
			sourceTree = "<group>";
		};
		60E9C7D425DC36F200D2FB38 /* SignUp */ = {
			isa = PBXGroup;
			children = (
				60E9C7AC25D93D7300D2FB38 /* SignUpRequestFactory.swift */,
				60E9C79025D93B6D00D2FB38 /* SignUp.swift */,
			);
			path = SignUp;
			sourceTree = "<group>";
		};
		60E9C81925DC5F7400D2FB38 /* Catalog */ = {
			isa = PBXGroup;
			children = (
				60E9C81A25DC5F9000D2FB38 /* CatalogRequestFactory.swift */,
				60E9C82825DC603000D2FB38 /* Catalog.swift */,
			);
			path = Catalog;
			sourceTree = "<group>";
		};
		60E9C83225DC6A4F00D2FB38 /* Product */ = {
			isa = PBXGroup;
			children = (
				60E9C83325DC6A6700D2FB38 /* ProductRequestFactory.swift */,
				60E9C83825DC6A6F00D2FB38 /* Product.swift */,
			);
			path = Product;
			sourceTree = "<group>";
		};
		60F3B2B926092161004ACD37 /* Cell */ = {
			isa = PBXGroup;
			children = (
				600830A325FBE4D900FF7872 /* CatalogTableViewCell.swift */,
				601E7ACE2601433D0002DC16 /* ProductReviewTableViewCell.swift */,
				607795C7260A7E4A00E1F0BB /* CartTableViewCell.swift */,
			);
			path = Cell;
			sourceTree = "<group>";
		};
		60F7F9F925E90D8300BC12A2 /* ProductReviews */ = {
			isa = PBXGroup;
			children = (
				60F7F9FD25E90E0600BC12A2 /* ProductReviewsFactory.swift */,
				60F7FA0B25E915C900BC12A2 /* ProductReviews.swift */,
			);
			path = ProductReviews;
			sourceTree = "<group>";
		};
		60F7F9FA25E90DA300BC12A2 /* AddProductReview */ = {
			isa = PBXGroup;
			children = (
				60F7FA1525E91AF300BC12A2 /* AddProductReviewRequestFactory.swift */,
				60F7FA1D25E91B1A00BC12A2 /* AddProductReview.swift */,
			);
			path = AddProductReview;
			sourceTree = "<group>";
		};
		60F7F9FB25E90DB000BC12A2 /* ApproveProductReview */ = {
			isa = PBXGroup;
			children = (
				60F7FA2725E91F5100BC12A2 /* ApproveProductReviewRequestFactory.swift */,
				60F7FA2F25E91F5800BC12A2 /* ApproveProductReview.swift */,
			);
			path = ApproveProductReview;
			sourceTree = "<group>";
		};
		60F7F9FC25E90DBB00BC12A2 /* DeleteProductReview */ = {
			isa = PBXGroup;
			children = (
				60F7FA3925E9218600BC12A2 /* DeleteProductReviewRequestFactory.swift */,
				60F7FA3E25E9218C00BC12A2 /* DeleteProductReview.swift */,
			);
			path = DeleteProductReview;
			sourceTree = "<group>";
		};
/* End PBXGroup section */

/* Begin PBXNativeTarget section */
		605F45A425D2EF100044ED81 /* GBShop */ = {
			isa = PBXNativeTarget;
			buildConfigurationList = 605F45CF25D2EF130044ED81 /* Build configuration list for PBXNativeTarget "GBShop" */;
			buildPhases = (
				605F45A125D2EF100044ED81 /* Sources */,
				605F45A225D2EF100044ED81 /* Frameworks */,
				605F45A325D2EF100044ED81 /* Resources */,
				60603E0125E8E80C005E0C2A /* ShellScript */,
				60ED8695260D093F0016A78E /* ShellScript */,
			);
			buildRules = (
			);
			dependencies = (
			);
			name = GBShop;
			packageProductDependencies = (
				60E9C76725D9334400D2FB38 /* Alamofire */,
				60ED868B260D089B0016A78E /* FirebaseAnalytics */,
				60ED868D260D089B0016A78E /* FirebaseCrashlytics */,
			);
			productName = GBShop;
			productReference = 605F45A525D2EF100044ED81 /* GBShop.app */;
			productType = "com.apple.product-type.application";
		};
		605F45BA25D2EF130044ED81 /* GBShopTests */ = {
			isa = PBXNativeTarget;
			buildConfigurationList = 605F45D225D2EF130044ED81 /* Build configuration list for PBXNativeTarget "GBShopTests" */;
			buildPhases = (
				605F45B725D2EF130044ED81 /* Sources */,
				605F45B825D2EF130044ED81 /* Frameworks */,
				605F45B925D2EF130044ED81 /* Resources */,
			);
			buildRules = (
			);
			dependencies = (
				605F45BD25D2EF130044ED81 /* PBXTargetDependency */,
			);
			name = GBShopTests;
			productName = GBShopTests;
			productReference = 605F45BB25D2EF130044ED81 /* GBShopTests.xctest */;
			productType = "com.apple.product-type.bundle.unit-test";
		};
		605F45C525D2EF130044ED81 /* GBShopUITests */ = {
			isa = PBXNativeTarget;
			buildConfigurationList = 605F45D525D2EF130044ED81 /* Build configuration list for PBXNativeTarget "GBShopUITests" */;
			buildPhases = (
				605F45C225D2EF130044ED81 /* Sources */,
				605F45C325D2EF130044ED81 /* Frameworks */,
				605F45C425D2EF130044ED81 /* Resources */,
			);
			buildRules = (
			);
			dependencies = (
				605F45C825D2EF130044ED81 /* PBXTargetDependency */,
			);
			name = GBShopUITests;
			productName = GBShopUITests;
			productReference = 605F45C625D2EF130044ED81 /* GBShopUITests.xctest */;
			productType = "com.apple.product-type.bundle.ui-testing";
		};
/* End PBXNativeTarget section */

/* Begin PBXProject section */
		605F459D25D2EF100044ED81 /* Project object */ = {
			isa = PBXProject;
			attributes = {
				LastSwiftUpdateCheck = 1240;
				LastUpgradeCheck = 1240;
				TargetAttributes = {
					605F45A425D2EF100044ED81 = {
						CreatedOnToolsVersion = 12.4;
					};
					605F45BA25D2EF130044ED81 = {
						CreatedOnToolsVersion = 12.4;
						LastSwiftMigration = 1240;
						TestTargetID = 605F45A425D2EF100044ED81;
					};
					605F45C525D2EF130044ED81 = {
						CreatedOnToolsVersion = 12.4;
						LastSwiftMigration = 1240;
						TestTargetID = 605F45A425D2EF100044ED81;
					};
				};
			};
			buildConfigurationList = 605F45A025D2EF100044ED81 /* Build configuration list for PBXProject "GBShop" */;
			compatibilityVersion = "Xcode 9.3";
			developmentRegion = en;
			hasScannedForEncodings = 0;
			knownRegions = (
				en,
				Base,
			);
			mainGroup = 605F459C25D2EF100044ED81;
			packageReferences = (
				60E9C76625D9334400D2FB38 /* XCRemoteSwiftPackageReference "Alamofire" */,
				60ED868A260D089B0016A78E /* XCRemoteSwiftPackageReference "firebase-ios-sdk" */,
			);
			productRefGroup = 605F45A625D2EF100044ED81 /* Products */;
			projectDirPath = "";
			projectRoot = "";
			targets = (
				605F45A425D2EF100044ED81 /* GBShop */,
				605F45BA25D2EF130044ED81 /* GBShopTests */,
				605F45C525D2EF130044ED81 /* GBShopUITests */,
			);
		};
/* End PBXProject section */

/* Begin PBXResourcesBuildPhase section */
		605F45A325D2EF100044ED81 /* Resources */ = {
			isa = PBXResourcesBuildPhase;
			buildActionMask = 2147483647;
			files = (
				605F45B525D2EF130044ED81 /* LaunchScreen.storyboard in Resources */,
				605F45B225D2EF130044ED81 /* Assets.xcassets in Resources */,
				60ED86A0260D09BE0016A78E /* GoogleService-Info.plist in Resources */,
			);
			runOnlyForDeploymentPostprocessing = 0;
		};
		605F45B925D2EF130044ED81 /* Resources */ = {
			isa = PBXResourcesBuildPhase;
			buildActionMask = 2147483647;
			files = (
				60ED86A1260D09BE0016A78E /* GoogleService-Info.plist in Resources */,
			);
			runOnlyForDeploymentPostprocessing = 0;
		};
		605F45C425D2EF130044ED81 /* Resources */ = {
			isa = PBXResourcesBuildPhase;
			buildActionMask = 2147483647;
			files = (
				60ED86A2260D09BE0016A78E /* GoogleService-Info.plist in Resources */,
			);
			runOnlyForDeploymentPostprocessing = 0;
		};
/* End PBXResourcesBuildPhase section */

/* Begin PBXShellScriptBuildPhase section */
		60603E0125E8E80C005E0C2A /* ShellScript */ = {
			isa = PBXShellScriptBuildPhase;
			buildActionMask = 2147483647;
			files = (
			);
			inputFileListPaths = (
			);
			inputPaths = (
			);
			outputFileListPaths = (
			);
			outputPaths = (
			);
			runOnlyForDeploymentPostprocessing = 0;
			shellPath = /bin/sh;
			shellScript = "if which swiftlint >/dev/null; then\n  swiftlint\nelse\n  echo \"warning: SwiftLint not installed, download from https://github.com/realm/SwiftLint\"\nfi\n";
		};
		60ED8695260D093F0016A78E /* ShellScript */ = {
			isa = PBXShellScriptBuildPhase;
			buildActionMask = 2147483647;
			files = (
			);
			inputFileListPaths = (
			);
			inputPaths = (
			);
			outputFileListPaths = (
			);
			outputPaths = (
			);
			runOnlyForDeploymentPostprocessing = 0;
			shellPath = /bin/sh;
			shellScript = "${BUILD_DIR%Build/*}/SourcePackages/checkouts/firebase-ios-sdk/Crashlytics/run\n";
		};
/* End PBXShellScriptBuildPhase section */

/* Begin PBXSourcesBuildPhase section */
		605F45A125D2EF100044ED81 /* Sources */ = {
			isa = PBXSourcesBuildPhase;
			buildActionMask = 2147483647;
			files = (
				6008309B25FBDF9D00FF7872 /* CatalogViewController.swift in Sources */,
				60F7F9E625E908C700BC12A2 /* AddProductReviewResult.swift in Sources */,
				6052DAE025F558C400715061 /* UITextFieldExtension.swift in Sources */,
				60ED867C260D00CB0016A78E /* AddProductReviewViewController.swift in Sources */,
				60E9C78C25D9352900D2FB38 /* RequestFactory.swift in Sources */,
				60D7517B25EEC82300968C0A /* DeleteFromCart.swift in Sources */,
				60F7F9FE25E90E0600BC12A2 /* ProductReviewsFactory.swift in Sources */,
				60F7FA0C25E915C900BC12A2 /* ProductReviews.swift in Sources */,
				60E9C79B25D93B9A00D2FB38 /* ChangeUserData.swift in Sources */,
				60E9C75525D9313500D2FB38 /* AbstractErrorParser.swift in Sources */,
				60E9C82925DC603000D2FB38 /* Catalog.swift in Sources */,
				600A519A260B9F03003EB690 /* GetCart.swift in Sources */,
				60D7519825EECCDD00968C0A /* PayCartResult.swift in Sources */,
				6052DADA25F539EE00715061 /* UserInfoViewController.swift in Sources */,
				60E9C76225D9322D00D2FB38 /* ResponseCodable.swift in Sources */,
				601E7ACF2601433D0002DC16 /* ProductReviewTableViewCell.swift in Sources */,
				60E9C79625D93B7F00D2FB38 /* LogOut.swift in Sources */,
				60E9C78225D934EB00D2FB38 /* LoginRequestFactory.swift in Sources */,
				60E9C77225D9347100D2FB38 /* RequestRouter.swift in Sources */,
				60F7FA3F25E9218C00BC12A2 /* DeleteProductReview.swift in Sources */,
				600A5195260B9EF9003EB690 /* GetCartRequestFactory.swift in Sources */,
				60D7518B25EECC8A00968C0A /* PayCart.swift in Sources */,
				605F45A925D2EF100044ED81 /* AppDelegate.swift in Sources */,
				60F7FA1625E91AF300BC12A2 /* AddProductReviewRequestFactory.swift in Sources */,
				60F7F9EB25E908D900BC12A2 /* DeleteProductReviewResult.swift in Sources */,
				60E9C83925DC6A6F00D2FB38 /* Product.swift in Sources */,
				60D7516525EEC71800968C0A /* DeleteFromCartResult.swift in Sources */,
				607795AF260A62B500E1F0BB /* UserDataView.swift in Sources */,
				60ED86A7260D11160016A78E /* AppAnalytics.swift in Sources */,
				600A5190260B9E4A003EB690 /* CartProduct.swift in Sources */,
				60D7516C25EEC79100968C0A /* AddTocartRequestFactory.swift in Sources */,
				607795C8260A7E4A00E1F0BB /* CartTableViewCell.swift in Sources */,
				60E9C79125D93B6D00D2FB38 /* SignUp.swift in Sources */,
				60D7517625EEC81900968C0A /* AddToCart.swift in Sources */,
				60E9C77725D934A700D2FB38 /* LoginResult.swift in Sources */,
				60E9C7A025D93C1900D2FB38 /* LogOutResult.swift in Sources */,
				600A5188260B9D7C003EB690 /* GetCartResult.swift in Sources */,
				601E7ACA260133AE0002DC16 /* ProductViewController.swift in Sources */,
				60E9C81B25DC5F9000D2FB38 /* CatalogRequestFactory.swift in Sources */,
				60E9C78725D9350100D2FB38 /* LogIn.swift in Sources */,
				607795BE260A78D400E1F0BB /* ProductTableView.swift in Sources */,
				60F7FA1E25E91B1A00BC12A2 /* AddProductReview.swift in Sources */,
				60F7F9F525E9095500BC12A2 /* Review.swift in Sources */,
				607795B4260A6D8E00E1F0BB /* UserInfoView.swift in Sources */,
				60F7F9D925E8F6D100BC12A2 /* CatalogProduct.swift in Sources */,
				600B95B2260A8560001373BA /* DeleteFromCartRequestFactory.swift in Sources */,
				60E9C77C25D934C400D2FB38 /* User.swift in Sources */,
				60E9C7B725D943F600D2FB38 /* ChangeUserDataRequestFactory.swift in Sources */,
				600830A425FBE4D900FF7872 /* CatalogTableViewCell.swift in Sources */,
				60F7FA3A25E9218600BC12A2 /* DeleteProductReviewRequestFactory.swift in Sources */,
				60D7519325EECC9E00968C0A /* PayCartRequestFactory.swift in Sources */,
				60E9C7A525D93C6600D2FB38 /* SignUpResult.swift in Sources */,
				607795C3260A7DD900E1F0BB /* CartTableView.swift in Sources */,
				60F3B2BB26092190004ACD37 /* LoginView.swift in Sources */,
				60F7F9E125E908B500BC12A2 /* ProductReviewsResult.swift in Sources */,
				60E9C81525DC5EAE00D2FB38 /* CatalogResult.swift in Sources */,
				607795B9260A74FA00E1F0BB /* CatalogTableView.swift in Sources */,
				60E9C82E25DC69B600D2FB38 /* ProductResult.swift in Sources */,
				60E9C7B225D942B200D2FB38 /* LogOutRequestFactory.swift in Sources */,
				601E7AC52601318D0002DC16 /* UserDataControllerType.swift in Sources */,
				6052DAE525F5849100715061 /* UIViewControllerExtension.swift in Sources */,
				605F45AB25D2EF100044ED81 /* SceneDelegate.swift in Sources */,
				60F7F9F025E908E800BC12A2 /* ApproveProductReviewResult.swift in Sources */,
				60F7FA2825E91F5100BC12A2 /* ApproveProductReviewRequestFactory.swift in Sources */,
				6052DACD25F5398D00715061 /* LoginViewController.swift in Sources */,
				60E9C83425DC6A6700D2FB38 /* ProductRequestFactory.swift in Sources */,
				60F7FA3025E91F5800BC12A2 /* ApproveProductReview.swift in Sources */,
				60D7516025EEC6F700968C0A /* AddToCartResult.swift in Sources */,
				60E9C7BC25D9442400D2FB38 /* ChangeUserDataResult.swift in Sources */,
				60E9C76D25D9341900D2FB38 /* AbstractRequestFactory.swift in Sources */,
				600B95C9260A871D001373BA /* CartViewController.swift in Sources */,
				60E9C7AD25D93D7300D2FB38 /* SignUpRequestFactory.swift in Sources */,
				6052DAD525F539DB00715061 /* UserDataViewController.swift in Sources */,
				60E9C75D25D9316A00D2FB38 /* ErrorParser.swift in Sources */,
			);
			runOnlyForDeploymentPostprocessing = 0;
		};
		605F45B725D2EF130044ED81 /* Sources */ = {
			isa = PBXSourcesBuildPhase;
			buildActionMask = 2147483647;
			files = (
				60E9C80B25DC5D6400D2FB38 /* CatalogDataTests.swift in Sources */,
				60F7FA3525E9209F00BC12A2 /* ApproveProductReviewTests.swift in Sources */,
				60D7518025EEC94D00968C0A /* AddToCartTests.swift in Sources */,
				60F7FA2325E91DDE00BC12A2 /* AddProductReviewTests.swift in Sources */,
				60E9C80125DC588000D2FB38 /* ChangeUserDataTests.swift in Sources */,
				60E9C7FC25DC562800D2FB38 /* SignUpTests.swift in Sources */,
				60D7518525EECAA100968C0A /* DeleteFromCartTests.swift in Sources */,
				60F7FA1125E9186300BC12A2 /* ProductReviewsTests.swift in Sources */,
				60E9C7F425DC490E00D2FB38 /* FakeData.swift in Sources */,
				60E9C80625DC59C600D2FB38 /* LogOutTests.swift in Sources */,
				600A519F260B9FD3003EB690 /* GetCartTests.swift in Sources */,
				60D7519D25EECE1400968C0A /* PayCartTests.swift in Sources */,
				60E9C7E225DC3E4900D2FB38 /* ResponseCodableTests.swift in Sources */,
				60E9C81025DC5DB800D2FB38 /* ProductTests.swift in Sources */,
				60F7FA4425E9221C00BC12A2 /* DeleteProductReviewTests.swift in Sources */,
				60E9C7EF25DC447E00D2FB38 /* LogInTests.swift in Sources */,
				60ED86A8260D11160016A78E /* AppAnalytics.swift in Sources */,
			);
			runOnlyForDeploymentPostprocessing = 0;
		};
		605F45C225D2EF130044ED81 /* Sources */ = {
			isa = PBXSourcesBuildPhase;
			buildActionMask = 2147483647;
			files = (
				60ED86A9260D11160016A78E /* AppAnalytics.swift in Sources */,
				60F3B2C026093035004ACD37 /* LoginTests.swift in Sources */,
			);
			runOnlyForDeploymentPostprocessing = 0;
		};
/* End PBXSourcesBuildPhase section */

/* Begin PBXTargetDependency section */
		605F45BD25D2EF130044ED81 /* PBXTargetDependency */ = {
			isa = PBXTargetDependency;
			target = 605F45A425D2EF100044ED81 /* GBShop */;
			targetProxy = 605F45BC25D2EF130044ED81 /* PBXContainerItemProxy */;
		};
		605F45C825D2EF130044ED81 /* PBXTargetDependency */ = {
			isa = PBXTargetDependency;
			target = 605F45A425D2EF100044ED81 /* GBShop */;
			targetProxy = 605F45C725D2EF130044ED81 /* PBXContainerItemProxy */;
		};
/* End PBXTargetDependency section */

/* Begin PBXVariantGroup section */
		605F45B325D2EF130044ED81 /* LaunchScreen.storyboard */ = {
			isa = PBXVariantGroup;
			children = (
				605F45B425D2EF130044ED81 /* Base */,
			);
			name = LaunchScreen.storyboard;
			sourceTree = "<group>";
		};
/* End PBXVariantGroup section */

/* Begin XCBuildConfiguration section */
		605F45CD25D2EF130044ED81 /* Debug */ = {
			isa = XCBuildConfiguration;
			buildSettings = {
				ALWAYS_SEARCH_USER_PATHS = NO;
				CLANG_ANALYZER_NONNULL = YES;
				CLANG_ANALYZER_NUMBER_OBJECT_CONVERSION = YES_AGGRESSIVE;
				CLANG_CXX_LANGUAGE_STANDARD = "gnu++14";
				CLANG_CXX_LIBRARY = "libc++";
				CLANG_ENABLE_MODULES = YES;
				CLANG_ENABLE_OBJC_ARC = YES;
				CLANG_ENABLE_OBJC_WEAK = YES;
				CLANG_WARN_BLOCK_CAPTURE_AUTORELEASING = YES;
				CLANG_WARN_BOOL_CONVERSION = YES;
				CLANG_WARN_COMMA = YES;
				CLANG_WARN_CONSTANT_CONVERSION = YES;
				CLANG_WARN_DEPRECATED_OBJC_IMPLEMENTATIONS = YES;
				CLANG_WARN_DIRECT_OBJC_ISA_USAGE = YES_ERROR;
				CLANG_WARN_DOCUMENTATION_COMMENTS = YES;
				CLANG_WARN_EMPTY_BODY = YES;
				CLANG_WARN_ENUM_CONVERSION = YES;
				CLANG_WARN_INFINITE_RECURSION = YES;
				CLANG_WARN_INT_CONVERSION = YES;
				CLANG_WARN_NON_LITERAL_NULL_CONVERSION = YES;
				CLANG_WARN_OBJC_IMPLICIT_RETAIN_SELF = YES;
				CLANG_WARN_OBJC_LITERAL_CONVERSION = YES;
				CLANG_WARN_OBJC_ROOT_CLASS = YES_ERROR;
				CLANG_WARN_QUOTED_INCLUDE_IN_FRAMEWORK_HEADER = YES;
				CLANG_WARN_RANGE_LOOP_ANALYSIS = YES;
				CLANG_WARN_STRICT_PROTOTYPES = YES;
				CLANG_WARN_SUSPICIOUS_MOVE = YES;
				CLANG_WARN_UNGUARDED_AVAILABILITY = YES_AGGRESSIVE;
				CLANG_WARN_UNREACHABLE_CODE = YES;
				CLANG_WARN__DUPLICATE_METHOD_MATCH = YES;
				COPY_PHASE_STRIP = NO;
				DEBUG_INFORMATION_FORMAT = "dwarf-with-dsym";
				ENABLE_STRICT_OBJC_MSGSEND = YES;
				ENABLE_TESTABILITY = YES;
				GCC_C_LANGUAGE_STANDARD = gnu11;
				GCC_DYNAMIC_NO_PIC = NO;
				GCC_NO_COMMON_BLOCKS = YES;
				GCC_OPTIMIZATION_LEVEL = 0;
				GCC_PREPROCESSOR_DEFINITIONS = (
					"DEBUG=1",
					"$(inherited)",
				);
				GCC_WARN_64_TO_32_BIT_CONVERSION = YES;
				GCC_WARN_ABOUT_RETURN_TYPE = YES_ERROR;
				GCC_WARN_UNDECLARED_SELECTOR = YES;
				GCC_WARN_UNINITIALIZED_AUTOS = YES_AGGRESSIVE;
				GCC_WARN_UNUSED_FUNCTION = YES;
				GCC_WARN_UNUSED_VARIABLE = YES;
				IPHONEOS_DEPLOYMENT_TARGET = 14.4;
				MTL_ENABLE_DEBUG_INFO = INCLUDE_SOURCE;
				MTL_FAST_MATH = YES;
				ONLY_ACTIVE_ARCH = YES;
				SDKROOT = iphoneos;
				SWIFT_ACTIVE_COMPILATION_CONDITIONS = DEBUG;
				SWIFT_OPTIMIZATION_LEVEL = "-Onone";
			};
			name = Debug;
		};
		605F45CE25D2EF130044ED81 /* Release */ = {
			isa = XCBuildConfiguration;
			buildSettings = {
				ALWAYS_SEARCH_USER_PATHS = NO;
				CLANG_ANALYZER_NONNULL = YES;
				CLANG_ANALYZER_NUMBER_OBJECT_CONVERSION = YES_AGGRESSIVE;
				CLANG_CXX_LANGUAGE_STANDARD = "gnu++14";
				CLANG_CXX_LIBRARY = "libc++";
				CLANG_ENABLE_MODULES = YES;
				CLANG_ENABLE_OBJC_ARC = YES;
				CLANG_ENABLE_OBJC_WEAK = YES;
				CLANG_WARN_BLOCK_CAPTURE_AUTORELEASING = YES;
				CLANG_WARN_BOOL_CONVERSION = YES;
				CLANG_WARN_COMMA = YES;
				CLANG_WARN_CONSTANT_CONVERSION = YES;
				CLANG_WARN_DEPRECATED_OBJC_IMPLEMENTATIONS = YES;
				CLANG_WARN_DIRECT_OBJC_ISA_USAGE = YES_ERROR;
				CLANG_WARN_DOCUMENTATION_COMMENTS = YES;
				CLANG_WARN_EMPTY_BODY = YES;
				CLANG_WARN_ENUM_CONVERSION = YES;
				CLANG_WARN_INFINITE_RECURSION = YES;
				CLANG_WARN_INT_CONVERSION = YES;
				CLANG_WARN_NON_LITERAL_NULL_CONVERSION = YES;
				CLANG_WARN_OBJC_IMPLICIT_RETAIN_SELF = YES;
				CLANG_WARN_OBJC_LITERAL_CONVERSION = YES;
				CLANG_WARN_OBJC_ROOT_CLASS = YES_ERROR;
				CLANG_WARN_QUOTED_INCLUDE_IN_FRAMEWORK_HEADER = YES;
				CLANG_WARN_RANGE_LOOP_ANALYSIS = YES;
				CLANG_WARN_STRICT_PROTOTYPES = YES;
				CLANG_WARN_SUSPICIOUS_MOVE = YES;
				CLANG_WARN_UNGUARDED_AVAILABILITY = YES_AGGRESSIVE;
				CLANG_WARN_UNREACHABLE_CODE = YES;
				CLANG_WARN__DUPLICATE_METHOD_MATCH = YES;
				COPY_PHASE_STRIP = NO;
				DEBUG_INFORMATION_FORMAT = "dwarf-with-dsym";
				ENABLE_NS_ASSERTIONS = NO;
				ENABLE_STRICT_OBJC_MSGSEND = YES;
				GCC_C_LANGUAGE_STANDARD = gnu11;
				GCC_NO_COMMON_BLOCKS = YES;
				GCC_WARN_64_TO_32_BIT_CONVERSION = YES;
				GCC_WARN_ABOUT_RETURN_TYPE = YES_ERROR;
				GCC_WARN_UNDECLARED_SELECTOR = YES;
				GCC_WARN_UNINITIALIZED_AUTOS = YES_AGGRESSIVE;
				GCC_WARN_UNUSED_FUNCTION = YES;
				GCC_WARN_UNUSED_VARIABLE = YES;
				IPHONEOS_DEPLOYMENT_TARGET = 14.4;
				MTL_ENABLE_DEBUG_INFO = NO;
				MTL_FAST_MATH = YES;
				SDKROOT = iphoneos;
				SWIFT_COMPILATION_MODE = wholemodule;
				SWIFT_OPTIMIZATION_LEVEL = "-O";
				VALIDATE_PRODUCT = YES;
			};
			name = Release;
		};
		605F45D025D2EF130044ED81 /* Debug */ = {
			isa = XCBuildConfiguration;
			buildSettings = {
				ASSETCATALOG_COMPILER_APPICON_NAME = AppIcon;
				ASSETCATALOG_COMPILER_GLOBAL_ACCENT_COLOR_NAME = AccentColor;
				CODE_SIGN_STYLE = Automatic;
				DEVELOPMENT_TEAM = JCV48HS79W;
				INFOPLIST_FILE = GBShop/Environments/Info.plist;
				LD_RUNPATH_SEARCH_PATHS = (
					"$(inherited)",
					"@executable_path/Frameworks",
				);
				OTHER_LDFLAGS = "-ObjC";
				PRODUCT_BUNDLE_IDENTIFIER = "Nikolai-Ivanov.GBShop";
				PRODUCT_NAME = "$(TARGET_NAME)";
				SWIFT_VERSION = 5.0;
				TARGETED_DEVICE_FAMILY = "1,2";
			};
			name = Debug;
		};
		605F45D125D2EF130044ED81 /* Release */ = {
			isa = XCBuildConfiguration;
			buildSettings = {
				ASSETCATALOG_COMPILER_APPICON_NAME = AppIcon;
				ASSETCATALOG_COMPILER_GLOBAL_ACCENT_COLOR_NAME = AccentColor;
				CODE_SIGN_STYLE = Automatic;
				DEVELOPMENT_TEAM = JCV48HS79W;
				INFOPLIST_FILE = GBShop/Environments/Info.plist;
				LD_RUNPATH_SEARCH_PATHS = (
					"$(inherited)",
					"@executable_path/Frameworks",
				);
				OTHER_LDFLAGS = "-ObjC";
				PRODUCT_BUNDLE_IDENTIFIER = "Nikolai-Ivanov.GBShop";
				PRODUCT_NAME = "$(TARGET_NAME)";
				SWIFT_VERSION = 5.0;
				TARGETED_DEVICE_FAMILY = "1,2";
			};
			name = Release;
		};
		605F45D325D2EF130044ED81 /* Debug */ = {
			isa = XCBuildConfiguration;
			buildSettings = {
				ALWAYS_EMBED_SWIFT_STANDARD_LIBRARIES = YES;
				BUNDLE_LOADER = "$(TEST_HOST)";
				CLANG_ENABLE_MODULES = YES;
				CODE_SIGN_STYLE = Automatic;
				DEVELOPMENT_TEAM = JCV48HS79W;
				INFOPLIST_FILE = GBShopTests/Info.plist;
				IPHONEOS_DEPLOYMENT_TARGET = 14.4;
				LD_RUNPATH_SEARCH_PATHS = (
					"$(inherited)",
					"@executable_path/Frameworks",
					"@loader_path/Frameworks",
				);
				PRODUCT_BUNDLE_IDENTIFIER = "Nikolai-Ivanov.GBShopTests";
				PRODUCT_NAME = "$(TARGET_NAME)";
				SWIFT_OPTIMIZATION_LEVEL = "-Onone";
				SWIFT_VERSION = 5.0;
				TARGETED_DEVICE_FAMILY = "1,2";
				TEST_HOST = "$(BUILT_PRODUCTS_DIR)/GBShop.app/GBShop";
			};
			name = Debug;
		};
		605F45D425D2EF130044ED81 /* Release */ = {
			isa = XCBuildConfiguration;
			buildSettings = {
				ALWAYS_EMBED_SWIFT_STANDARD_LIBRARIES = YES;
				BUNDLE_LOADER = "$(TEST_HOST)";
				CLANG_ENABLE_MODULES = YES;
				CODE_SIGN_STYLE = Automatic;
				DEVELOPMENT_TEAM = JCV48HS79W;
				INFOPLIST_FILE = GBShopTests/Info.plist;
				IPHONEOS_DEPLOYMENT_TARGET = 14.4;
				LD_RUNPATH_SEARCH_PATHS = (
					"$(inherited)",
					"@executable_path/Frameworks",
					"@loader_path/Frameworks",
				);
				PRODUCT_BUNDLE_IDENTIFIER = "Nikolai-Ivanov.GBShopTests";
				PRODUCT_NAME = "$(TARGET_NAME)";
				SWIFT_VERSION = 5.0;
				TARGETED_DEVICE_FAMILY = "1,2";
				TEST_HOST = "$(BUILT_PRODUCTS_DIR)/GBShop.app/GBShop";
			};
			name = Release;
		};
		605F45D625D2EF130044ED81 /* Debug */ = {
			isa = XCBuildConfiguration;
			buildSettings = {
				ALWAYS_EMBED_SWIFT_STANDARD_LIBRARIES = YES;
				CLANG_ENABLE_MODULES = YES;
				CODE_SIGN_STYLE = Automatic;
				DEVELOPMENT_TEAM = JCV48HS79W;
				INFOPLIST_FILE = GBShopUITests/Info.plist;
				LD_RUNPATH_SEARCH_PATHS = (
					"$(inherited)",
					"@executable_path/Frameworks",
					"@loader_path/Frameworks",
				);
				PRODUCT_BUNDLE_IDENTIFIER = "Nikolai-Ivanov.GBShopUITests";
				PRODUCT_NAME = "$(TARGET_NAME)";
				SWIFT_OPTIMIZATION_LEVEL = "-Onone";
				SWIFT_VERSION = 5.0;
				TARGETED_DEVICE_FAMILY = "1,2";
				TEST_TARGET_NAME = GBShop;
			};
			name = Debug;
		};
		605F45D725D2EF130044ED81 /* Release */ = {
			isa = XCBuildConfiguration;
			buildSettings = {
				ALWAYS_EMBED_SWIFT_STANDARD_LIBRARIES = YES;
				CLANG_ENABLE_MODULES = YES;
				CODE_SIGN_STYLE = Automatic;
				DEVELOPMENT_TEAM = JCV48HS79W;
				INFOPLIST_FILE = GBShopUITests/Info.plist;
				LD_RUNPATH_SEARCH_PATHS = (
					"$(inherited)",
					"@executable_path/Frameworks",
					"@loader_path/Frameworks",
				);
				PRODUCT_BUNDLE_IDENTIFIER = "Nikolai-Ivanov.GBShopUITests";
				PRODUCT_NAME = "$(TARGET_NAME)";
				SWIFT_VERSION = 5.0;
				TARGETED_DEVICE_FAMILY = "1,2";
				TEST_TARGET_NAME = GBShop;
			};
			name = Release;
		};
/* End XCBuildConfiguration section */

/* Begin XCConfigurationList section */
		605F45A025D2EF100044ED81 /* Build configuration list for PBXProject "GBShop" */ = {
			isa = XCConfigurationList;
			buildConfigurations = (
				605F45CD25D2EF130044ED81 /* Debug */,
				605F45CE25D2EF130044ED81 /* Release */,
			);
			defaultConfigurationIsVisible = 0;
			defaultConfigurationName = Release;
		};
		605F45CF25D2EF130044ED81 /* Build configuration list for PBXNativeTarget "GBShop" */ = {
			isa = XCConfigurationList;
			buildConfigurations = (
				605F45D025D2EF130044ED81 /* Debug */,
				605F45D125D2EF130044ED81 /* Release */,
			);
			defaultConfigurationIsVisible = 0;
			defaultConfigurationName = Release;
		};
		605F45D225D2EF130044ED81 /* Build configuration list for PBXNativeTarget "GBShopTests" */ = {
			isa = XCConfigurationList;
			buildConfigurations = (
				605F45D325D2EF130044ED81 /* Debug */,
				605F45D425D2EF130044ED81 /* Release */,
			);
			defaultConfigurationIsVisible = 0;
			defaultConfigurationName = Release;
		};
		605F45D525D2EF130044ED81 /* Build configuration list for PBXNativeTarget "GBShopUITests" */ = {
			isa = XCConfigurationList;
			buildConfigurations = (
				605F45D625D2EF130044ED81 /* Debug */,
				605F45D725D2EF130044ED81 /* Release */,
			);
			defaultConfigurationIsVisible = 0;
			defaultConfigurationName = Release;
		};
/* End XCConfigurationList section */

/* Begin XCRemoteSwiftPackageReference section */
		60E9C76625D9334400D2FB38 /* XCRemoteSwiftPackageReference "Alamofire" */ = {
			isa = XCRemoteSwiftPackageReference;
			repositoryURL = "https://github.com/Alamofire/Alamofire.git";
			requirement = {
				kind = upToNextMajorVersion;
				minimumVersion = 5.4.1;
			};
		};
		60ED868A260D089B0016A78E /* XCRemoteSwiftPackageReference "firebase-ios-sdk" */ = {
			isa = XCRemoteSwiftPackageReference;
			repositoryURL = "https://github.com/firebase/firebase-ios-sdk.git";
			requirement = {
				kind = upToNextMajorVersion;
				minimumVersion = 7.9.1;
			};
		};
/* End XCRemoteSwiftPackageReference section */

/* Begin XCSwiftPackageProductDependency section */
		60E9C76725D9334400D2FB38 /* Alamofire */ = {
			isa = XCSwiftPackageProductDependency;
			package = 60E9C76625D9334400D2FB38 /* XCRemoteSwiftPackageReference "Alamofire" */;
			productName = Alamofire;
		};
		60ED868B260D089B0016A78E /* FirebaseAnalytics */ = {
			isa = XCSwiftPackageProductDependency;
			package = 60ED868A260D089B0016A78E /* XCRemoteSwiftPackageReference "firebase-ios-sdk" */;
			productName = FirebaseAnalytics;
		};
		60ED868D260D089B0016A78E /* FirebaseCrashlytics */ = {
			isa = XCSwiftPackageProductDependency;
			package = 60ED868A260D089B0016A78E /* XCRemoteSwiftPackageReference "firebase-ios-sdk" */;
			productName = FirebaseCrashlytics;
		};
/* End XCSwiftPackageProductDependency section */
	};
	rootObject = 605F459D25D2EF100044ED81 /* Project object */;
}
